// !$*UTF8*$!
{
	archiveVersion = 1;
	classes = {
	};
	objectVersion = 50;
	objects = {

/* Begin PBXBuildFile section */
		B7EFA48F262A14B400F7EE82 /* AppDelegate.swift in Sources */ = {isa = PBXBuildFile; fileRef = B7EFA48E262A14B400F7EE82 /* AppDelegate.swift */; };
		B7EFA491262A14B400F7EE82 /* SceneDelegate.swift in Sources */ = {isa = PBXBuildFile; fileRef = B7EFA490262A14B400F7EE82 /* SceneDelegate.swift */; };
		B7EFA496262A14B400F7EE82 /* Main.storyboard in Resources */ = {isa = PBXBuildFile; fileRef = B7EFA494262A14B400F7EE82 /* Main.storyboard */; };
		B7EFA498262A14B600F7EE82 /* Assets.xcassets in Resources */ = {isa = PBXBuildFile; fileRef = B7EFA497262A14B600F7EE82 /* Assets.xcassets */; };
		B7EFA49B262A14B600F7EE82 /* LaunchScreen.storyboard in Resources */ = {isa = PBXBuildFile; fileRef = B7EFA499262A14B600F7EE82 /* LaunchScreen.storyboard */; };
		B7EFA4A3262A14CE00F7EE82 /* LoginViewController.swift in Sources */ = {isa = PBXBuildFile; fileRef = B7EFA4A2262A14CE00F7EE82 /* LoginViewController.swift */; };
		B7EFA4A5262A150D00F7EE82 /* RegisterViewController.swift in Sources */ = {isa = PBXBuildFile; fileRef = B7EFA4A4262A150D00F7EE82 /* RegisterViewController.swift */; };
		B7EFA4A7262A151C00F7EE82 /* MainPageViewController.swift in Sources */ = {isa = PBXBuildFile; fileRef = B7EFA4A6262A151C00F7EE82 /* MainPageViewController.swift */; };
/* End PBXBuildFile section */

/* Begin PBXFileReference section */
		B7EFA48B262A14B400F7EE82 /* TwitterFirebase.app */ = {isa = PBXFileReference; explicitFileType = wrapper.application; includeInIndex = 0; path = TwitterFirebase.app; sourceTree = BUILT_PRODUCTS_DIR; };
		B7EFA48E262A14B400F7EE82 /* AppDelegate.swift */ = {isa = PBXFileReference; lastKnownFileType = sourcecode.swift; path = AppDelegate.swift; sourceTree = "<group>"; };
		B7EFA490262A14B400F7EE82 /* SceneDelegate.swift */ = {isa = PBXFileReference; lastKnownFileType = sourcecode.swift; path = SceneDelegate.swift; sourceTree = "<group>"; };
		B7EFA495262A14B400F7EE82 /* Base */ = {isa = PBXFileReference; lastKnownFileType = file.storyboard; name = Base; path = Base.lproj/Main.storyboard; sourceTree = "<group>"; };
		B7EFA497262A14B600F7EE82 /* Assets.xcassets */ = {isa = PBXFileReference; lastKnownFileType = folder.assetcatalog; path = Assets.xcassets; sourceTree = "<group>"; };
		B7EFA49A262A14B600F7EE82 /* Base */ = {isa = PBXFileReference; lastKnownFileType = file.storyboard; name = Base; path = Base.lproj/LaunchScreen.storyboard; sourceTree = "<group>"; };
		B7EFA49C262A14B600F7EE82 /* Info.plist */ = {isa = PBXFileReference; lastKnownFileType = text.plist.xml; path = Info.plist; sourceTree = "<group>"; };
		B7EFA4A2262A14CE00F7EE82 /* LoginViewController.swift */ = {isa = PBXFileReference; lastKnownFileType = sourcecode.swift; path = LoginViewController.swift; sourceTree = "<group>"; };
		B7EFA4A4262A150D00F7EE82 /* RegisterViewController.swift */ = {isa = PBXFileReference; lastKnownFileType = sourcecode.swift; path = RegisterViewController.swift; sourceTree = "<group>"; };
		B7EFA4A6262A151C00F7EE82 /* MainPageViewController.swift */ = {isa = PBXFileReference; lastKnownFileType = sourcecode.swift; path = MainPageViewController.swift; sourceTree = "<group>"; };
/* End PBXFileReference section */

/* Begin PBXFrameworksBuildPhase section */
		B7EFA488262A14B400F7EE82 /* Frameworks */ = {
			isa = PBXFrameworksBuildPhase;
			buildActionMask = 2147483647;
			files = (
			);
			runOnlyForDeploymentPostprocessing = 0;
		};
/* End PBXFrameworksBuildPhase section */

/* Begin PBXGroup section */
		B7EFA482262A14B400F7EE82 = {
			isa = PBXGroup;
			children = (
				B7EFA48D262A14B400F7EE82 /* TwitterFirebase */,
				B7EFA48C262A14B400F7EE82 /* Products */,
			);
			sourceTree = "<group>";
		};
		B7EFA48C262A14B400F7EE82 /* Products */ = {
			isa = PBXGroup;
			children = (
				B7EFA48B262A14B400F7EE82 /* TwitterFirebase.app */,
			);
			name = Products;
			sourceTree = "<group>";
		};
		B7EFA48D262A14B400F7EE82 /* TwitterFirebase */ = {
			isa = PBXGroup;
			children = (
				B7EFA48E262A14B400F7EE82 /* AppDelegate.swift */,
				B7EFA490262A14B400F7EE82 /* SceneDelegate.swift */,
				B7EFA494262A14B400F7EE82 /* Main.storyboard */,
				B7EFA497262A14B600F7EE82 /* Assets.xcassets */,
				B7EFA499262A14B600F7EE82 /* LaunchScreen.storyboard */,
				B7EFA49C262A14B600F7EE82 /* Info.plist */,
				B7EFA4A2262A14CE00F7EE82 /* LoginViewController.swift */,
				B7EFA4A4262A150D00F7EE82 /* RegisterViewController.swift */,
				B7EFA4A6262A151C00F7EE82 /* MainPageViewController.swift */,
			);
			path = TwitterFirebase;
			sourceTree = "<group>";
		};
/* End PBXGroup section */

/* Begin PBXNativeTarget section */
		B7EFA48A262A14B400F7EE82 /* TwitterFirebase */ = {
			isa = PBXNativeTarget;
			buildConfigurationList = B7EFA49F262A14B600F7EE82 /* Build configuration list for PBXNativeTarget "TwitterFirebase" */;
			buildPhases = (
				B7EFA487262A14B400F7EE82 /* Sources */,
				B7EFA488262A14B400F7EE82 /* Frameworks */,
				B7EFA489262A14B400F7EE82 /* Resources */,
			);
			buildRules = (
			);
			dependencies = (
			);
			name = TwitterFirebase;
			productName = TwitterFirebase;
			productReference = B7EFA48B262A14B400F7EE82 /* TwitterFirebase.app */;
			productType = "com.apple.product-type.application";
		};
/* End PBXNativeTarget section */

/* Begin PBXProject section */
		B7EFA483262A14B400F7EE82 /* Project object */ = {
			isa = PBXProject;
			attributes = {
				LastSwiftUpdateCheck = 1130;
				LastUpgradeCheck = 1130;
				ORGANIZATIONNAME = kbtu.edu.as1k.kz;
				TargetAttributes = {
					B7EFA48A262A14B400F7EE82 = {
						CreatedOnToolsVersion = 11.3.1;
					};
				};
			};
			buildConfigurationList = B7EFA486262A14B400F7EE82 /* Build configuration list for PBXProject "TwitterFirebase" */;
			compatibilityVersion = "Xcode 9.3";
			developmentRegion = en;
			hasScannedForEncodings = 0;
			knownRegions = (
				en,
				Base,
			);
			mainGroup = B7EFA482262A14B400F7EE82;
			productRefGroup = B7EFA48C262A14B400F7EE82 /* Products */;
			projectDirPath = "";
			projectRoot = "";
			targets = (
				B7EFA48A262A14B400F7EE82 /* TwitterFirebase */,
			);
		};
/* End PBXProject section */

/* Begin PBXResourcesBuildPhase section */
		B7EFA489262A14B400F7EE82 /* Resources */ = {
			isa = PBXResourcesBuildPhase;
			buildActionMask = 2147483647;
			files = (
				B7EFA49B262A14B600F7EE82 /* LaunchScreen.storyboard in Resources */,
				B7EFA498262A14B600F7EE82 /* Assets.xcassets in Resources */,
				B7EFA496262A14B400F7EE82 /* Main.storyboard in Resources */,
			);
			runOnlyForDeploymentPostprocessing = 0;
		};
/* End PBXResourcesBuildPhase section */

/* Begin PBXSourcesBuildPhase section */
		B7EFA487262A14B400F7EE82 /* Sources */ = {
			isa = PBXSourcesBuildPhase;
			buildActionMask = 2147483647;
			files = (
				B7EFA4A7262A151C00F7EE82 /* MainPageViewController.swift in Sources */,
				B7EFA4A3262A14CE00F7EE82 /* LoginViewController.swift in Sources */,
				B7EFA4A5262A150D00F7EE82 /* RegisterViewController.swift in Sources */,
				B7EFA48F262A14B400F7EE82 /* AppDelegate.swift in Sources */,
				B7EFA491262A14B400F7EE82 /* SceneDelegate.swift in Sources */,
			);
			runOnlyForDeploymentPostprocessing = 0;
		};
/* End PBXSourcesBuildPhase section */

/* Begin PBXVariantGroup section */
		B7EFA494262A14B400F7EE82 /* Main.storyboard */ = {
			isa = PBXVariantGroup;
			children = (
				B7EFA495262A14B400F7EE82 /* Base */,
			);
			name = Main.storyboard;
			sourceTree = "<group>";
		};
		B7EFA499262A14B600F7EE82 /* LaunchScreen.storyboard */ = {
			isa = PBXVariantGroup;
			children = (
				B7EFA49A262A14B600F7EE82 /* Base */,
			);
			name = LaunchScreen.storyboard;
			sourceTree = "<group>";
		};
/* End PBXVariantGroup section */

/* Begin XCBuildConfiguration section */
		B7EFA49D262A14B600F7EE82 /* Debug */ = {
			isa = XCBuildConfiguration;
			buildSettings = {
				ALWAYS_SEARCH_USER_PATHS = NO;
				CLANG_ANALYZER_NONNULL = YES;
				CLANG_ANALYZER_NUMBER_OBJECT_CONVERSION = YES_AGGRESSIVE;
				CLANG_CXX_LANGUAGE_STANDARD = "gnu++14";
				CLANG_CXX_LIBRARY = "libc++";
				CLANG_ENABLE_MODULES = YES;
				CLANG_ENABLE_OBJC_ARC = YES;
				CLANG_ENABLE_OBJC_WEAK = YES;
				CLANG_WARN_BLOCK_CAPTURE_AUTORELEASING = YES;
				CLANG_WARN_BOOL_CONVERSION = YES;
				CLANG_WARN_COMMA = YES;
				CLANG_WARN_CONSTANT_CONVERSION = YES;
				CLANG_WARN_DEPRECATED_OBJC_IMPLEMENTATIONS = YES;
				CLANG_WARN_DIRECT_OBJC_ISA_USAGE = YES_ERROR;
				CLANG_WARN_DOCUMENTATION_COMMENTS = YES;
				CLANG_WARN_EMPTY_BODY = YES;
				CLANG_WARN_ENUM_CONVERSION = YES;
				CLANG_WARN_INFINITE_RECURSION = YES;
				CLANG_WARN_INT_CONVERSION = YES;
				CLANG_WARN_NON_LITERAL_NULL_CONVERSION = YES;
				CLANG_WARN_OBJC_IMPLICIT_RETAIN_SELF = YES;
				CLANG_WARN_OBJC_LITERAL_CONVERSION = YES;
				CLANG_WARN_OBJC_ROOT_CLASS = YES_ERROR;
				CLANG_WARN_RANGE_LOOP_ANALYSIS = YES;
				CLANG_WARN_STRICT_PROTOTYPES = YES;
				CLANG_WARN_SUSPICIOUS_MOVE = YES;
				CLANG_WARN_UNGUARDED_AVAILABILITY = YES_AGGRESSIVE;
				CLANG_WARN_UNREACHABLE_CODE = YES;
				CLANG_WARN__DUPLICATE_METHOD_MATCH = YES;
				COPY_PHASE_STRIP = NO;
				DEBUG_INFORMATION_FORMAT = dwarf;
				ENABLE_STRICT_OBJC_MSGSEND = YES;
				ENABLE_TESTABILITY = YES;
				GCC_C_LANGUAGE_STANDARD = gnu11;
				GCC_DYNAMIC_NO_PIC = NO;
				GCC_NO_COMMON_BLOCKS = YES;
				GCC_OPTIMIZATION_LEVEL = 0;
				GCC_PREPROCESSOR_DEFINITIONS = (
					"DEBUG=1",
					"$(inherited)",
				);
				GCC_WARN_64_TO_32_BIT_CONVERSION = YES;
				GCC_WARN_ABOUT_RETURN_TYPE = YES_ERROR;
				GCC_WARN_UNDECLARED_SELECTOR = YES;
				GCC_WARN_UNINITIALIZED_AUTOS = YES_AGGRESSIVE;
				GCC_WARN_UNUSED_FUNCTION = YES;
				GCC_WARN_UNUSED_VARIABLE = YES;
				IPHONEOS_DEPLOYMENT_TARGET = 13.2;
				MTL_ENABLE_DEBUG_INFO = INCLUDE_SOURCE;
				MTL_FAST_MATH = YES;
				ONLY_ACTIVE_ARCH = YES;
				SDKROOT = iphoneos;
				SWIFT_ACTIVE_COMPILATION_CONDITIONS = DEBUG;
				SWIFT_OPTIMIZATION_LEVEL = "-Onone";
			};
			name = Debug;
		};
		B7EFA49E262A14B600F7EE82 /* Release */ = {
			isa = XCBuildConfiguration;
			buildSettings = {
				ALWAYS_SEARCH_USER_PATHS = NO;
				CLANG_ANALYZER_NONNULL = YES;
				CLANG_ANALYZER_NUMBER_OBJECT_CONVERSION = YES_AGGRESSIVE;
				CLANG_CXX_LANGUAGE_STANDARD = "gnu++14";
				CLANG_CXX_LIBRARY = "libc++";
				CLANG_ENABLE_MODULES = YES;
				CLANG_ENABLE_OBJC_ARC = YES;
				CLANG_ENABLE_OBJC_WEAK = YES;
				CLANG_WARN_BLOCK_CAPTURE_AUTORELEASING = YES;
				CLANG_WARN_BOOL_CONVERSION = YES;
				CLANG_WARN_COMMA = YES;
				CLANG_WARN_CONSTANT_CONVERSION = YES;
				CLANG_WARN_DEPRECATED_OBJC_IMPLEMENTATIONS = YES;
				CLANG_WARN_DIRECT_OBJC_ISA_USAGE = YES_ERROR;
				CLANG_WARN_DOCUMENTATION_COMMENTS = YES;
				CLANG_WARN_EMPTY_BODY = YES;
				CLANG_WARN_ENUM_CONVERSION = YES;
				CLANG_WARN_INFINITE_RECURSION = YES;
				CLANG_WARN_INT_CONVERSION = YES;
				CLANG_WARN_NON_LITERAL_NULL_CONVERSION = YES;
				CLANG_WARN_OBJC_IMPLICIT_RETAIN_SELF = YES;
				CLANG_WARN_OBJC_LITERAL_CONVERSION = YES;
				CLANG_WARN_OBJC_ROOT_CLASS = YES_ERROR;
				CLANG_WARN_RANGE_LOOP_ANALYSIS = YES;
				CLANG_WARN_STRICT_PROTOTYPES = YES;
				CLANG_WARN_SUSPICIOUS_MOVE = YES;
				CLANG_WARN_UNGUARDED_AVAILABILITY = YES_AGGRESSIVE;
				CLANG_WARN_UNREACHABLE_CODE = YES;
				CLANG_WARN__DUPLICATE_METHOD_MATCH = YES;
				COPY_PHASE_STRIP = NO;
				DEBUG_INFORMATION_FORMAT = "dwarf-with-dsym";
				ENABLE_NS_ASSERTIONS = NO;
				ENABLE_STRICT_OBJC_MSGSEND = YES;
				GCC_C_LANGUAGE_STANDARD = gnu11;
				GCC_NO_COMMON_BLOCKS = YES;
				GCC_WARN_64_TO_32_BIT_CONVERSION = YES;
				GCC_WARN_ABOUT_RETURN_TYPE = YES_ERROR;
				GCC_WARN_UNDECLARED_SELECTOR = YES;
				GCC_WARN_UNINITIALIZED_AUTOS = YES_AGGRESSIVE;
				GCC_WARN_UNUSED_FUNCTION = YES;
				GCC_WARN_UNUSED_VARIABLE = YES;
				IPHONEOS_DEPLOYMENT_TARGET = 13.2;
				MTL_ENABLE_DEBUG_INFO = NO;
				MTL_FAST_MATH = YES;
				SDKROOT = iphoneos;
				SWIFT_COMPILATION_MODE = wholemodule;
				SWIFT_OPTIMIZATION_LEVEL = "-O";
				VALIDATE_PRODUCT = YES;
			};
			name = Release;
		};
		B7EFA4A0262A14B600F7EE82 /* Debug */ = {
			isa = XCBuildConfiguration;
			buildSettings = {
				ASSETCATALOG_COMPILER_APPICON_NAME = AppIcon;
				CODE_SIGN_STYLE = Automatic;
				DEVELOPMENT_TEAM = 7TV6DG68BD;
				INFOPLIST_FILE = TwitterFirebase/Info.plist;
				LD_RUNPATH_SEARCH_PATHS = (
					"$(inherited)",
					"@executable_path/Frameworks",
				);
				PRODUCT_BUNDLE_IDENTIFIER = com.edu.asik.TwitterFirebase;
				PRODUCT_NAME = "$(TARGET_NAME)";
				SWIFT_VERSION = 5.0;
				TARGETED_DEVICE_FAMILY = "1,2";
			};
			name = Debug;
		};
		B7EFA4A1262A14B600F7EE82 /* Release */ = {
			isa = XCBuildConfiguration;
			buildSettings = {
				ASSETCATALOG_COMPILER_APPICON_NAME = AppIcon;
				CODE_SIGN_STYLE = Automatic;
				DEVELOPMENT_TEAM = 7TV6DG68BD;
				INFOPLIST_FILE = TwitterFirebase/Info.plist;
				LD_RUNPATH_SEARCH_PATHS = (
					"$(inherited)",
					"@executable_path/Frameworks",
				);
				PRODUCT_BUNDLE_IDENTIFIER = com.edu.asik.TwitterFirebase;
				PRODUCT_NAME = "$(TARGET_NAME)";
				SWIFT_VERSION = 5.0;
				TARGETED_DEVICE_FAMILY = "1,2";
			};
			name = Release;
		};
/* End XCBuildConfiguration section */

/* Begin XCConfigurationList section */
		B7EFA486262A14B400F7EE82 /* Build configuration list for PBXProject "TwitterFirebase" */ = {
			isa = XCConfigurationList;
			buildConfigurations = (
				B7EFA49D262A14B600F7EE82 /* Debug */,
				B7EFA49E262A14B600F7EE82 /* Release */,
			);
			defaultConfigurationIsVisible = 0;
			defaultConfigurationName = Release;
		};
		B7EFA49F262A14B600F7EE82 /* Build configuration list for PBXNativeTarget "TwitterFirebase" */ = {
			isa = XCConfigurationList;
			buildConfigurations = (
				B7EFA4A0262A14B600F7EE82 /* Debug */,
				B7EFA4A1262A14B600F7EE82 /* Release */,
			);
			defaultConfigurationIsVisible = 0;
			defaultConfigurationName = Release;
		};
/* End XCConfigurationList section */
	};
	rootObject = B7EFA483262A14B400F7EE82 /* Project object */;
}
